
Microsoft Visual Studio Solution File, Format Version 12.00
# Visual Studio 15
VisualStudioVersion = 15.0.28307.329
MinimumVisualStudioVersion = 10.0.40219.1
Project("{9A19103F-16F7-4668-BE54-9A1E7A4F7556}") = "CT.DDS.Configuration", "..\CT.DDS.Configuration\CT.DDS.Configuration\CT.DDS.Configuration.csproj", "{110A9EC9-D61A-463C-A82E-348604ED22B7}"
EndProject
Project("{9A19103F-16F7-4668-BE54-9A1E7A4F7556}") = "CT.DDS.EMMA.Sync", "CT.DDS.EMMA.Sync\CT.DDS.EMMA.Sync.csproj", "{AAB5F552-1E9E-4C1B-983F-899E0E42E4E1}"
EndProject
Project("{9A19103F-16F7-4668-BE54-9A1E7A4F7556}") = "CT.DDS.EMMA.Models", "..\EMMA.Models\CT.DDS.EMMA.Models.csproj", "{CE7600FE-6D8B-44F7-B54D-48E770A8AD68}"
EndProject
Project("{9A19103F-16F7-4668-BE54-9A1E7A4F7556}") = "CT.DDS.EMMA.Tests", "..\CT.DDS.EMMA\CT.DDS.EMMA.Tests\CT.DDS.EMMA.Tests.csproj", "{10799689-9EAA-4EE6-A520-172BA954C653}"
EndProject
Global
	GlobalSection(SolutionConfigurationPlatforms) = preSolution
		Debug|Any CPU = Debug|Any CPU
		Release|Any CPU = Release|Any CPU
	EndGlobalSection
	GlobalSection(ProjectConfigurationPlatforms) = postSolution
		{110A9EC9-D61A-463C-A82E-348604ED22B7}.Debug|Any CPU.ActiveCfg = Debug|Any CPU
		{110A9EC9-D61A-463C-A82E-348604ED22B7}.Debug|Any CPU.Build.0 = Debug|Any CPU
		{110A9EC9-D61A-463C-A82E-348604ED22B7}.Release|Any CPU.ActiveCfg = Release|Any CPU
		{110A9EC9-D61A-463C-A82E-348604ED22B7}.Release|Any CPU.Build.0 = Release|Any CPU
		{AAB5F552-1E9E-4C1B-983F-899E0E42E4E1}.Debug|Any CPU.ActiveCfg = Debug|Any CPU
		{AAB5F552-1E9E-4C1B-983F-899E0E42E4E1}.Debug|Any CPU.Build.0 = Debug|Any CPU
		{AAB5F552-1E9E-4C1B-983F-899E0E42E4E1}.Release|Any CPU.ActiveCfg = Release|Any CPU
		{AAB5F552-1E9E-4C1B-983F-899E0E42E4E1}.Release|Any CPU.Build.0 = Release|Any CPU
		{CE7600FE-6D8B-44F7-B54D-48E770A8AD68}.Debug|Any CPU.ActiveCfg = Debug|Any CPU
		{CE7600FE-6D8B-44F7-B54D-48E770A8AD68}.Debug|Any CPU.Build.0 = Debug|Any CPU
		{CE7600FE-6D8B-44F7-B54D-48E770A8AD68}.Release|Any CPU.ActiveCfg = Release|Any CPU
		{CE7600FE-6D8B-44F7-B54D-48E770A8AD68}.Release|Any CPU.Build.0 = Release|Any CPU
		{10799689-9EAA-4EE6-A520-172BA954C653}.Debug|Any CPU.ActiveCfg = Debug|Any CPU
		{10799689-9EAA-4EE6-A520-172BA954C653}.Debug|Any CPU.Build.0 = Debug|Any CPU
		{10799689-9EAA-4EE6-A520-172BA954C653}.Release|Any CPU.ActiveCfg = Release|Any CPU
		{10799689-9EAA-4EE6-A520-172BA954C653}.Release|Any CPU.Build.0 = Release|Any CPU
	EndGlobalSection
	GlobalSection(SolutionProperties) = preSolution
		HideSolutionNode = FALSE
	EndGlobalSection
	GlobalSection(ExtensibilityGlobals) = postSolution
		SolutionGuid = {914259C2-A53C-4D16-82FC-5D55CCCE8EC1}
	EndGlobalSection
EndGlobal
